// !$*UTF8*$!
{
	archiveVersion = 1;
	classes = {
	};
	objectVersion = 50;
	objects = {

/* Begin PBXBuildFile section */
		292EF9CB23F827F90079F3F9 /* AppDelegate.swift in Sources */ = {isa = PBXBuildFile; fileRef = 292EF9CA23F827F90079F3F9 /* AppDelegate.swift */; };
		292EF9CD23F827F90079F3F9 /* SceneDelegate.swift in Sources */ = {isa = PBXBuildFile; fileRef = 292EF9CC23F827F90079F3F9 /* SceneDelegate.swift */; };
		292EF9CF23F827F90079F3F9 /* ContentView.swift in Sources */ = {isa = PBXBuildFile; fileRef = 292EF9CE23F827F90079F3F9 /* ContentView.swift */; };
		292EF9D123F827FB0079F3F9 /* Assets.xcassets in Resources */ = {isa = PBXBuildFile; fileRef = 292EF9D023F827FB0079F3F9 /* Assets.xcassets */; };
		292EF9D423F827FB0079F3F9 /* Preview Assets.xcassets in Resources */ = {isa = PBXBuildFile; fileRef = 292EF9D323F827FB0079F3F9 /* Preview Assets.xcassets */; };
		292EF9D723F827FB0079F3F9 /* LaunchScreen.storyboard in Resources */ = {isa = PBXBuildFile; fileRef = 292EF9D523F827FB0079F3F9 /* LaunchScreen.storyboard */; };
/* End PBXBuildFile section */

/* Begin PBXFileReference section */
		292EF9C723F827F90079F3F9 /* H4OR News.app */ = {isa = PBXFileReference; explicitFileType = wrapper.application; includeInIndex = 0; path = "H4OR News.app"; sourceTree = BUILT_PRODUCTS_DIR; };
		292EF9CA23F827F90079F3F9 /* AppDelegate.swift */ = {isa = PBXFileReference; lastKnownFileType = sourcecode.swift; path = AppDelegate.swift; sourceTree = "<group>"; };
		292EF9CC23F827F90079F3F9 /* SceneDelegate.swift */ = {isa = PBXFileReference; lastKnownFileType = sourcecode.swift; path = SceneDelegate.swift; sourceTree = "<group>"; };
		292EF9CE23F827F90079F3F9 /* ContentView.swift */ = {isa = PBXFileReference; lastKnownFileType = sourcecode.swift; path = ContentView.swift; sourceTree = "<group>"; };
		292EF9D023F827FB0079F3F9 /* Assets.xcassets */ = {isa = PBXFileReference; lastKnownFileType = folder.assetcatalog; path = Assets.xcassets; sourceTree = "<group>"; };
		292EF9D323F827FB0079F3F9 /* Preview Assets.xcassets */ = {isa = PBXFileReference; lastKnownFileType = folder.assetcatalog; path = "Preview Assets.xcassets"; sourceTree = "<group>"; };
		292EF9D623F827FB0079F3F9 /* Base */ = {isa = PBXFileReference; lastKnownFileType = file.storyboard; name = Base; path = Base.lproj/LaunchScreen.storyboard; sourceTree = "<group>"; };
		292EF9D823F827FB0079F3F9 /* Info.plist */ = {isa = PBXFileReference; lastKnownFileType = text.plist.xml; path = Info.plist; sourceTree = "<group>"; };
/* End PBXFileReference section */

/* Begin PBXFrameworksBuildPhase section */
		292EF9C423F827F90079F3F9 /* Frameworks */ = {
			isa = PBXFrameworksBuildPhase;
			buildActionMask = 2147483647;
			files = (
			);
			runOnlyForDeploymentPostprocessing = 0;
		};
/* End PBXFrameworksBuildPhase section */

/* Begin PBXGroup section */
		292EF9BE23F827F90079F3F9 = {
			isa = PBXGroup;
			children = (
				292EF9C923F827F90079F3F9 /* H4OR News */,
				292EF9C823F827F90079F3F9 /* Products */,
			);
			sourceTree = "<group>";
		};
		292EF9C823F827F90079F3F9 /* Products */ = {
			isa = PBXGroup;
			children = (
				292EF9C723F827F90079F3F9 /* H4OR News.app */,
			);
			name = Products;
			sourceTree = "<group>";
		};
		292EF9C923F827F90079F3F9 /* H4OR News */ = {
			isa = PBXGroup;
			children = (
				292EF9CA23F827F90079F3F9 /* AppDelegate.swift */,
				292EF9CC23F827F90079F3F9 /* SceneDelegate.swift */,
				292EF9CE23F827F90079F3F9 /* ContentView.swift */,
				292EF9D023F827FB0079F3F9 /* Assets.xcassets */,
				292EF9D523F827FB0079F3F9 /* LaunchScreen.storyboard */,
				292EF9D823F827FB0079F3F9 /* Info.plist */,
				292EF9D223F827FB0079F3F9 /* Preview Content */,
			);
			path = "H4OR News";
			sourceTree = "<group>";
		};
		292EF9D223F827FB0079F3F9 /* Preview Content */ = {
			isa = PBXGroup;
			children = (
				292EF9D323F827FB0079F3F9 /* Preview Assets.xcassets */,
			);
			path = "Preview Content";
			sourceTree = "<group>";
		};
/* End PBXGroup section */

/* Begin PBXNativeTarget section */
		292EF9C623F827F90079F3F9 /* H4OR News */ = {
			isa = PBXNativeTarget;
			buildConfigurationList = 292EF9DB23F827FB0079F3F9 /* Build configuration list for PBXNativeTarget "H4OR News" */;
			buildPhases = (
				292EF9C323F827F90079F3F9 /* Sources */,
				292EF9C423F827F90079F3F9 /* Frameworks */,
				292EF9C523F827F90079F3F9 /* Resources */,
			);
			buildRules = (
			);
			dependencies = (
			);
			name = "H4OR News";
			productName = "H4OR News";
			productReference = 292EF9C723F827F90079F3F9 /* H4OR News.app */;
			productType = "com.apple.product-type.application";
		};
/* End PBXNativeTarget section */

/* Begin PBXProject section */
		292EF9BF23F827F90079F3F9 /* Project object */ = {
			isa = PBXProject;
			attributes = {
				LastSwiftUpdateCheck = 1130;
				LastUpgradeCheck = 1130;
				ORGANIZATIONNAME = "Александров Денис Александрович";
				TargetAttributes = {
					292EF9C623F827F90079F3F9 = {
						CreatedOnToolsVersion = 11.3.1;
					};
				};
			};
			buildConfigurationList = 292EF9C223F827F90079F3F9 /* Build configuration list for PBXProject "H4OR News" */;
			compatibilityVersion = "Xcode 9.3";
			developmentRegion = en;
			hasScannedForEncodings = 0;
			knownRegions = (
				en,
				Base,
			);
			mainGroup = 292EF9BE23F827F90079F3F9;
			productRefGroup = 292EF9C823F827F90079F3F9 /* Products */;
			projectDirPath = "";
			projectRoot = "";
			targets = (
				292EF9C623F827F90079F3F9 /* H4OR News */,
			);
		};
/* End PBXProject section */

/* Begin PBXResourcesBuildPhase section */
		292EF9C523F827F90079F3F9 /* Resources */ = {
			isa = PBXResourcesBuildPhase;
			buildActionMask = 2147483647;
			files = (
				292EF9D723F827FB0079F3F9 /* LaunchScreen.storyboard in Resources */,
				292EF9D423F827FB0079F3F9 /* Preview Assets.xcassets in Resources */,
				292EF9D123F827FB0079F3F9 /* Assets.xcassets in Resources */,
			);
			runOnlyForDeploymentPostprocessing = 0;
		};
/* End PBXResourcesBuildPhase section */

/* Begin PBXSourcesBuildPhase section */
		292EF9C323F827F90079F3F9 /* Sources */ = {
			isa = PBXSourcesBuildPhase;
			buildActionMask = 2147483647;
			files = (
				292EF9CB23F827F90079F3F9 /* AppDelegate.swift in Sources */,
				292EF9CD23F827F90079F3F9 /* SceneDelegate.swift in Sources */,
				292EF9CF23F827F90079F3F9 /* ContentView.swift in Sources */,
			);
			runOnlyForDeploymentPostprocessing = 0;
		};
/* End PBXSourcesBuildPhase section */

/* Begin PBXVariantGroup section */
		292EF9D523F827FB0079F3F9 /* LaunchScreen.storyboard */ = {
			isa = PBXVariantGroup;
			children = (
				292EF9D623F827FB0079F3F9 /* Base */,
			);
			name = LaunchScreen.storyboard;
			sourceTree = "<group>";
		};
/* End PBXVariantGroup section */

/* Begin XCBuildConfiguration section */
		292EF9D923F827FB0079F3F9 /* Debug */ = {
			isa = XCBuildConfiguration;
			buildSettings = {
				ALWAYS_SEARCH_USER_PATHS = NO;
				CLANG_ANALYZER_NONNULL = YES;
				CLANG_ANALYZER_NUMBER_OBJECT_CONVERSION = YES_AGGRESSIVE;
				CLANG_CXX_LANGUAGE_STANDARD = "gnu++14";
				CLANG_CXX_LIBRARY = "libc++";
				CLANG_ENABLE_MODULES = YES;
				CLANG_ENABLE_OBJC_ARC = YES;
				CLANG_ENABLE_OBJC_WEAK = YES;
				CLANG_WARN_BLOCK_CAPTURE_AUTORELEASING = YES;
				CLANG_WARN_BOOL_CONVERSION = YES;
				CLANG_WARN_COMMA = YES;
				CLANG_WARN_CONSTANT_CONVERSION = YES;
				CLANG_WARN_DEPRECATED_OBJC_IMPLEMENTATIONS = YES;
				CLANG_WARN_DIRECT_OBJC_ISA_USAGE = YES_ERROR;
				CLANG_WARN_DOCUMENTATION_COMMENTS = YES;
				CLANG_WARN_EMPTY_BODY = YES;
				CLANG_WARN_ENUM_CONVERSION = YES;
				CLANG_WARN_INFINITE_RECURSION = YES;
				CLANG_WARN_INT_CONVERSION = YES;
				CLANG_WARN_NON_LITERAL_NULL_CONVERSION = YES;
				CLANG_WARN_OBJC_IMPLICIT_RETAIN_SELF = YES;
				CLANG_WARN_OBJC_LITERAL_CONVERSION = YES;
				CLANG_WARN_OBJC_ROOT_CLASS = YES_ERROR;
				CLANG_WARN_RANGE_LOOP_ANALYSIS = YES;
				CLANG_WARN_STRICT_PROTOTYPES = YES;
				CLANG_WARN_SUSPICIOUS_MOVE = YES;
				CLANG_WARN_UNGUARDED_AVAILABILITY = YES_AGGRESSIVE;
				CLANG_WARN_UNREACHABLE_CODE = YES;
				CLANG_WARN__DUPLICATE_METHOD_MATCH = YES;
				COPY_PHASE_STRIP = NO;
				DEBUG_INFORMATION_FORMAT = dwarf;
				ENABLE_STRICT_OBJC_MSGSEND = YES;
				ENABLE_TESTABILITY = YES;
				GCC_C_LANGUAGE_STANDARD = gnu11;
				GCC_DYNAMIC_NO_PIC = NO;
				GCC_NO_COMMON_BLOCKS = YES;
				GCC_OPTIMIZATION_LEVEL = 0;
				GCC_PREPROCESSOR_DEFINITIONS = (
					"DEBUG=1",
					"$(inherited)",
				);
				GCC_WARN_64_TO_32_BIT_CONVERSION = YES;
				GCC_WARN_ABOUT_RETURN_TYPE = YES_ERROR;
				GCC_WARN_UNDECLARED_SELECTOR = YES;
				GCC_WARN_UNINITIALIZED_AUTOS = YES_AGGRESSIVE;
				GCC_WARN_UNUSED_FUNCTION = YES;
				GCC_WARN_UNUSED_VARIABLE = YES;
				IPHONEOS_DEPLOYMENT_TARGET = 13.2;
				MTL_ENABLE_DEBUG_INFO = INCLUDE_SOURCE;
				MTL_FAST_MATH = YES;
				ONLY_ACTIVE_ARCH = YES;
				SDKROOT = iphoneos;
				SWIFT_ACTIVE_COMPILATION_CONDITIONS = DEBUG;
				SWIFT_OPTIMIZATION_LEVEL = "-Onone";
			};
			name = Debug;
		};
		292EF9DA23F827FB0079F3F9 /* Release */ = {
			isa = XCBuildConfiguration;
			buildSettings = {
				ALWAYS_SEARCH_USER_PATHS = NO;
				CLANG_ANALYZER_NONNULL = YES;
				CLANG_ANALYZER_NUMBER_OBJECT_CONVERSION = YES_AGGRESSIVE;
				CLANG_CXX_LANGUAGE_STANDARD = "gnu++14";
				CLANG_CXX_LIBRARY = "libc++";
				CLANG_ENABLE_MODULES = YES;
				CLANG_ENABLE_OBJC_ARC = YES;
				CLANG_ENABLE_OBJC_WEAK = YES;
				CLANG_WARN_BLOCK_CAPTURE_AUTORELEASING = YES;
				CLANG_WARN_BOOL_CONVERSION = YES;
				CLANG_WARN_COMMA = YES;
				CLANG_WARN_CONSTANT_CONVERSION = YES;
				CLANG_WARN_DEPRECATED_OBJC_IMPLEMENTATIONS = YES;
				CLANG_WARN_DIRECT_OBJC_ISA_USAGE = YES_ERROR;
				CLANG_WARN_DOCUMENTATION_COMMENTS = YES;
				CLANG_WARN_EMPTY_BODY = YES;
				CLANG_WARN_ENUM_CONVERSION = YES;
				CLANG_WARN_INFINITE_RECURSION = YES;
				CLANG_WARN_INT_CONVERSION = YES;
				CLANG_WARN_NON_LITERAL_NULL_CONVERSION = YES;
				CLANG_WARN_OBJC_IMPLICIT_RETAIN_SELF = YES;
				CLANG_WARN_OBJC_LITERAL_CONVERSION = YES;
				CLANG_WARN_OBJC_ROOT_CLASS = YES_ERROR;
				CLANG_WARN_RANGE_LOOP_ANALYSIS = YES;
				CLANG_WARN_STRICT_PROTOTYPES = YES;
				CLANG_WARN_SUSPICIOUS_MOVE = YES;
				CLANG_WARN_UNGUARDED_AVAILABILITY = YES_AGGRESSIVE;
				CLANG_WARN_UNREACHABLE_CODE = YES;
				CLANG_WARN__DUPLICATE_METHOD_MATCH = YES;
				COPY_PHASE_STRIP = NO;
				DEBUG_INFORMATION_FORMAT = "dwarf-with-dsym";
				ENABLE_NS_ASSERTIONS = NO;
				ENABLE_STRICT_OBJC_MSGSEND = YES;
				GCC_C_LANGUAGE_STANDARD = gnu11;
				GCC_NO_COMMON_BLOCKS = YES;
				GCC_WARN_64_TO_32_BIT_CONVERSION = YES;
				GCC_WARN_ABOUT_RETURN_TYPE = YES_ERROR;
				GCC_WARN_UNDECLARED_SELECTOR = YES;
				GCC_WARN_UNINITIALIZED_AUTOS = YES_AGGRESSIVE;
				GCC_WARN_UNUSED_FUNCTION = YES;
				GCC_WARN_UNUSED_VARIABLE = YES;
				IPHONEOS_DEPLOYMENT_TARGET = 13.2;
				MTL_ENABLE_DEBUG_INFO = NO;
				MTL_FAST_MATH = YES;
				SDKROOT = iphoneos;
				SWIFT_COMPILATION_MODE = wholemodule;
				SWIFT_OPTIMIZATION_LEVEL = "-O";
				VALIDATE_PRODUCT = YES;
			};
			name = Release;
		};
		292EF9DC23F827FB0079F3F9 /* Debug */ = {
			isa = XCBuildConfiguration;
			buildSettings = {
				ASSETCATALOG_COMPILER_APPICON_NAME = AppIcon;
				CODE_SIGN_STYLE = Automatic;
				DEVELOPMENT_ASSET_PATHS = "\"H4OR News/Preview Content\"";
				DEVELOPMENT_TEAM = U6U7U5CXA5;
				ENABLE_PREVIEWS = YES;
				INFOPLIST_FILE = "H4OR News/Info.plist";
				LD_RUNPATH_SEARCH_PATHS = (
					"$(inherited)",
					"@executable_path/Frameworks",
				);
				PRODUCT_BUNDLE_IDENTIFIER = "com.denchiklut.H4OR-News";
				PRODUCT_NAME = "$(TARGET_NAME)";
				SWIFT_VERSION = 5.0;
				TARGETED_DEVICE_FAMILY = "1,2";
			};
			name = Debug;
		};
		292EF9DD23F827FB0079F3F9 /* Release */ = {
			isa = XCBuildConfiguration;
			buildSettings = {
				ASSETCATALOG_COMPILER_APPICON_NAME = AppIcon;
				CODE_SIGN_STYLE = Automatic;
				DEVELOPMENT_ASSET_PATHS = "\"H4OR News/Preview Content\"";
				DEVELOPMENT_TEAM = U6U7U5CXA5;
				ENABLE_PREVIEWS = YES;
				INFOPLIST_FILE = "H4OR News/Info.plist";
				LD_RUNPATH_SEARCH_PATHS = (
					"$(inherited)",
					"@executable_path/Frameworks",
				);
				PRODUCT_BUNDLE_IDENTIFIER = "com.denchiklut.H4OR-News";
				PRODUCT_NAME = "$(TARGET_NAME)";
				SWIFT_VERSION = 5.0;
				TARGETED_DEVICE_FAMILY = "1,2";
			};
			name = Release;
		};
/* End XCBuildConfiguration section */

/* Begin XCConfigurationList section */
		292EF9C223F827F90079F3F9 /* Build configuration list for PBXProject "H4OR News" */ = {
			isa = XCConfigurationList;
			buildConfigurations = (
				292EF9D923F827FB0079F3F9 /* Debug */,
				292EF9DA23F827FB0079F3F9 /* Release */,
			);
			defaultConfigurationIsVisible = 0;
			defaultConfigurationName = Release;
		};
		292EF9DB23F827FB0079F3F9 /* Build configuration list for PBXNativeTarget "H4OR News" */ = {
			isa = XCConfigurationList;
			buildConfigurations = (
				292EF9DC23F827FB0079F3F9 /* Debug */,
				292EF9DD23F827FB0079F3F9 /* Release */,
			);
			defaultConfigurationIsVisible = 0;
			defaultConfigurationName = Release;
		};
/* End XCConfigurationList section */
	};
	rootObject = 292EF9BF23F827F90079F3F9 /* Project object */;
}
